
Microsoft Visual Studio Solution File, Format Version 12.00
# Visual Studio Version 17
VisualStudioVersion = 17.13.35931.197
MinimumVisualStudioVersion = 10.0.40219.1
Project("{FAE04EC0-301F-11D3-BF4B-00C04F79EFBC}") = "BD", "BD\BD.csproj", "{2BDAF381-2F3F-4C3C-A144-6F76D8D66848}"
EndProject
Project("{FAE04EC0-301F-11D3-BF4B-00C04F79EFBC}") = "ConsoleApp1", "ConsoleApp1\ConsoleApp1.csproj", "{B42360FB-5F8C-4252-AD16-0E3D7EC84B9B}"
EndProject
Global
	GlobalSection(SolutionConfigurationPlatforms) = preSolution
		Debug|Any CPU = Debug|Any CPU
		Release|Any CPU = Release|Any CPU
	EndGlobalSection
	GlobalSection(ProjectConfigurationPlatforms) = postSolution
		{2BDAF381-2F3F-4C3C-A144-6F76D8D66848}.Debug|Any CPU.ActiveCfg = Debug|Any CPU
		{2BDAF381-2F3F-4C3C-A144-6F76D8D66848}.Debug|Any CPU.Build.0 = Debug|Any CPU
		{2BDAF381-2F3F-4C3C-A144-6F76D8D66848}.Release|Any CPU.ActiveCfg = Release|Any CPU
		{2BDAF381-2F3F-4C3C-A144-6F76D8D66848}.Release|Any CPU.Build.0 = Release|Any CPU
		{B42360FB-5F8C-4252-AD16-0E3D7EC84B9B}.Debug|Any CPU.ActiveCfg = Debug|Any CPU
		{B42360FB-5F8C-4252-AD16-0E3D7EC84B9B}.Debug|Any CPU.Build.0 = Debug|Any CPU
		{B42360FB-5F8C-4252-AD16-0E3D7EC84B9B}.Release|Any CPU.ActiveCfg = Release|Any CPU
		{B42360FB-5F8C-4252-AD16-0E3D7EC84B9B}.Release|Any CPU.Build.0 = Release|Any CPU
	EndGlobalSection
	GlobalSection(SolutionProperties) = preSolution
		HideSolutionNode = FALSE
	EndGlobalSection
	GlobalSection(ExtensibilityGlobals) = postSolution
		SolutionGuid = {C73B832D-2DA0-4CF6-8096-4C5F9ABCC2F3}
	EndGlobalSection
EndGlobal
